// !$*UTF8*$!
{
	archiveVersion = 1;
	classes = {
	};
	objectVersion = 56;
	objects = {

/* Begin PBXBuildFile section */
		CE0D1ADB2A90AEB100EFDF49 /* ApplicationStateModel.swift in Sources */ = {isa = PBXBuildFile; fileRef = CE0D1ADA2A90AEB100EFDF49 /* ApplicationStateModel.swift */; };
		CE0D1ADD2A90AF3F00EFDF49 /* SettingView.swift in Sources */ = {isa = PBXBuildFile; fileRef = CE0D1ADC2A90AF3F00EFDF49 /* SettingView.swift */; };
		CE0D1ADF2A90C0D100EFDF49 /* cities.json in Resources */ = {isa = PBXBuildFile; fileRef = CE0D1ADE2A90C0D100EFDF49 /* cities.json */; };
		CE0D1AE12A90C18000EFDF49 /* City.swift in Sources */ = {isa = PBXBuildFile; fileRef = CE0D1AE02A90C18000EFDF49 /* City.swift */; };
		CE42AC7D2A757091005194EF /* PharmacyDetailViewModel.swift in Sources */ = {isa = PBXBuildFile; fileRef = CE42AC7C2A757091005194EF /* PharmacyDetailViewModel.swift */; };
		CE42AC812A769C20005194EF /* TestView.swift in Sources */ = {isa = PBXBuildFile; fileRef = CE42AC802A769C20005194EF /* TestView.swift */; };
		CE81E3EA2A71394A0022FCB0 /* PharmaciesApp.swift in Sources */ = {isa = PBXBuildFile; fileRef = CE81E3E92A71394A0022FCB0 /* PharmaciesApp.swift */; };
		CE81E3EC2A71394A0022FCB0 /* ContentView.swift in Sources */ = {isa = PBXBuildFile; fileRef = CE81E3EB2A71394A0022FCB0 /* ContentView.swift */; };
		CE81E3EE2A71394B0022FCB0 /* Assets.xcassets in Resources */ = {isa = PBXBuildFile; fileRef = CE81E3ED2A71394B0022FCB0 /* Assets.xcassets */; };
		CE81E3F12A71394B0022FCB0 /* Preview Assets.xcassets in Resources */ = {isa = PBXBuildFile; fileRef = CE81E3F02A71394B0022FCB0 /* Preview Assets.xcassets */; };
		CE81E3FC2A7292440022FCB0 /* PharmacyModel.swift in Sources */ = {isa = PBXBuildFile; fileRef = CE81E3FB2A7292440022FCB0 /* PharmacyModel.swift */; };
		CE81E4012A7293290022FCB0 /* ApiResponse.swift in Sources */ = {isa = PBXBuildFile; fileRef = CE81E4002A7293290022FCB0 /* ApiResponse.swift */; };
		CE81E4032A7297380022FCB0 /* CodableBundleExtension.swift in Sources */ = {isa = PBXBuildFile; fileRef = CE81E4022A7297380022FCB0 /* CodableBundleExtension.swift */; };
		CE81E4052A72DE960022FCB0 /* MainView.swift in Sources */ = {isa = PBXBuildFile; fileRef = CE81E4042A72DE960022FCB0 /* MainView.swift */; };
		CE81E4092A72DF0F0022FCB0 /* MapView.swift in Sources */ = {isa = PBXBuildFile; fileRef = CE81E4082A72DF0F0022FCB0 /* MapView.swift */; };
		CE81E40B2A72DF730022FCB0 /* pharmacy.json in Resources */ = {isa = PBXBuildFile; fileRef = CE81E40A2A72DF720022FCB0 /* pharmacy.json */; };
		CE81E40D2A72E12B0022FCB0 /* PharmacyListItemView.swift in Sources */ = {isa = PBXBuildFile; fileRef = CE81E40C2A72E12B0022FCB0 /* PharmacyListItemView.swift */; };
		CE81E40F2A72EE390022FCB0 /* PharmacyDetailView.swift in Sources */ = {isa = PBXBuildFile; fileRef = CE81E40E2A72EE390022FCB0 /* PharmacyDetailView.swift */; };
		CE81E4112A73AE920022FCB0 /* MapAnnotationView.swift in Sources */ = {isa = PBXBuildFile; fileRef = CE81E4102A73AE920022FCB0 /* MapAnnotationView.swift */; };
/* End PBXBuildFile section */

/* Begin PBXFileReference section */
		CE0D1ADA2A90AEB100EFDF49 /* ApplicationStateModel.swift */ = {isa = PBXFileReference; lastKnownFileType = sourcecode.swift; path = ApplicationStateModel.swift; sourceTree = "<group>"; };
		CE0D1ADC2A90AF3F00EFDF49 /* SettingView.swift */ = {isa = PBXFileReference; lastKnownFileType = sourcecode.swift; path = SettingView.swift; sourceTree = "<group>"; };
		CE0D1ADE2A90C0D100EFDF49 /* cities.json */ = {isa = PBXFileReference; fileEncoding = 4; lastKnownFileType = text.json; path = cities.json; sourceTree = "<group>"; };
		CE0D1AE02A90C18000EFDF49 /* City.swift */ = {isa = PBXFileReference; lastKnownFileType = sourcecode.swift; path = City.swift; sourceTree = "<group>"; };
		CE42AC7C2A757091005194EF /* PharmacyDetailViewModel.swift */ = {isa = PBXFileReference; lastKnownFileType = sourcecode.swift; path = PharmacyDetailViewModel.swift; sourceTree = "<group>"; };
		CE42AC802A769C20005194EF /* TestView.swift */ = {isa = PBXFileReference; lastKnownFileType = sourcecode.swift; path = TestView.swift; sourceTree = "<group>"; };
		CE81E3E62A71394A0022FCB0 /* Pharmacies.app */ = {isa = PBXFileReference; explicitFileType = wrapper.application; includeInIndex = 0; path = Pharmacies.app; sourceTree = BUILT_PRODUCTS_DIR; };
		CE81E3E92A71394A0022FCB0 /* PharmaciesApp.swift */ = {isa = PBXFileReference; lastKnownFileType = sourcecode.swift; path = PharmaciesApp.swift; sourceTree = "<group>"; };
		CE81E3EB2A71394A0022FCB0 /* ContentView.swift */ = {isa = PBXFileReference; lastKnownFileType = sourcecode.swift; path = ContentView.swift; sourceTree = "<group>"; };
		CE81E3ED2A71394B0022FCB0 /* Assets.xcassets */ = {isa = PBXFileReference; lastKnownFileType = folder.assetcatalog; path = Assets.xcassets; sourceTree = "<group>"; };
		CE81E3F02A71394B0022FCB0 /* Preview Assets.xcassets */ = {isa = PBXFileReference; lastKnownFileType = folder.assetcatalog; path = "Preview Assets.xcassets"; sourceTree = "<group>"; };
		CE81E3FB2A7292440022FCB0 /* PharmacyModel.swift */ = {isa = PBXFileReference; lastKnownFileType = sourcecode.swift; path = PharmacyModel.swift; sourceTree = "<group>"; };
		CE81E4002A7293290022FCB0 /* ApiResponse.swift */ = {isa = PBXFileReference; lastKnownFileType = sourcecode.swift; path = ApiResponse.swift; sourceTree = "<group>"; };
		CE81E4022A7297380022FCB0 /* CodableBundleExtension.swift */ = {isa = PBXFileReference; lastKnownFileType = sourcecode.swift; path = CodableBundleExtension.swift; sourceTree = "<group>"; };
		CE81E4042A72DE960022FCB0 /* MainView.swift */ = {isa = PBXFileReference; lastKnownFileType = sourcecode.swift; path = MainView.swift; sourceTree = "<group>"; };
		CE81E4082A72DF0F0022FCB0 /* MapView.swift */ = {isa = PBXFileReference; lastKnownFileType = sourcecode.swift; path = MapView.swift; sourceTree = "<group>"; };
		CE81E40A2A72DF720022FCB0 /* pharmacy.json */ = {isa = PBXFileReference; fileEncoding = 4; lastKnownFileType = text.json; path = pharmacy.json; sourceTree = "<group>"; };
		CE81E40C2A72E12B0022FCB0 /* PharmacyListItemView.swift */ = {isa = PBXFileReference; lastKnownFileType = sourcecode.swift; path = PharmacyListItemView.swift; sourceTree = "<group>"; };
		CE81E40E2A72EE390022FCB0 /* PharmacyDetailView.swift */ = {isa = PBXFileReference; lastKnownFileType = sourcecode.swift; path = PharmacyDetailView.swift; sourceTree = "<group>"; };
		CE81E4102A73AE920022FCB0 /* MapAnnotationView.swift */ = {isa = PBXFileReference; lastKnownFileType = sourcecode.swift; path = MapAnnotationView.swift; sourceTree = "<group>"; };
/* End PBXFileReference section */

/* Begin PBXFrameworksBuildPhase section */
		CE81E3E32A71394A0022FCB0 /* Frameworks */ = {
			isa = PBXFrameworksBuildPhase;
			buildActionMask = 2147483647;
			files = (
			);
			runOnlyForDeploymentPostprocessing = 0;
		};
/* End PBXFrameworksBuildPhase section */

/* Begin PBXGroup section */
		CE81E3DD2A71394A0022FCB0 = {
			isa = PBXGroup;
			children = (
				CE81E3E82A71394A0022FCB0 /* Pharmacies */,
				CE81E3E72A71394A0022FCB0 /* Products */,
			);
			sourceTree = "<group>";
		};
		CE81E3E72A71394A0022FCB0 /* Products */ = {
			isa = PBXGroup;
			children = (
				CE81E3E62A71394A0022FCB0 /* Pharmacies.app */,
			);
			name = Products;
			sourceTree = "<group>";
		};
		CE81E3E82A71394A0022FCB0 /* Pharmacies */ = {
			isa = PBXGroup;
			children = (
				CE81E3FD2A7292760022FCB0 /* Data */,
				CE81E3FA2A7292340022FCB0 /* Model */,
				CE81E3F92A7292250022FCB0 /* Extension */,
				CE81E3F82A7259360022FCB0 /* View */,
				CE81E3F72A7141490022FCB0 /* App */,
				CE81E3ED2A71394B0022FCB0 /* Assets.xcassets */,
				CE81E3EF2A71394B0022FCB0 /* Preview Content */,
			);
			path = Pharmacies;
			sourceTree = "<group>";
		};
		CE81E3EF2A71394B0022FCB0 /* Preview Content */ = {
			isa = PBXGroup;
			children = (
				CE81E3F02A71394B0022FCB0 /* Preview Assets.xcassets */,
			);
			path = "Preview Content";
			sourceTree = "<group>";
		};
		CE81E3F72A7141490022FCB0 /* App */ = {
			isa = PBXGroup;
			children = (
				CE81E3E92A71394A0022FCB0 /* PharmaciesApp.swift */,
				CE81E3EB2A71394A0022FCB0 /* ContentView.swift */,
				CE81E4042A72DE960022FCB0 /* MainView.swift */,
				CE81E4082A72DF0F0022FCB0 /* MapView.swift */,
				CE42AC802A769C20005194EF /* TestView.swift */,
			);
			path = App;
			sourceTree = "<group>";
		};
		CE81E3F82A7259360022FCB0 /* View */ = {
			isa = PBXGroup;
			children = (
				CE81E40C2A72E12B0022FCB0 /* PharmacyListItemView.swift */,
				CE81E40E2A72EE390022FCB0 /* PharmacyDetailView.swift */,
				CE81E4102A73AE920022FCB0 /* MapAnnotationView.swift */,
				CE0D1ADC2A90AF3F00EFDF49 /* SettingView.swift */,
			);
			path = View;
			sourceTree = "<group>";
		};
		CE81E3F92A7292250022FCB0 /* Extension */ = {
			isa = PBXGroup;
			children = (
				CE81E4022A7297380022FCB0 /* CodableBundleExtension.swift */,
			);
			path = Extension;
			sourceTree = "<group>";
		};
		CE81E3FA2A7292340022FCB0 /* Model */ = {
			isa = PBXGroup;
			children = (
				CE81E3FB2A7292440022FCB0 /* PharmacyModel.swift */,
				CE81E4002A7293290022FCB0 /* ApiResponse.swift */,
				CE42AC7C2A757091005194EF /* PharmacyDetailViewModel.swift */,
				CE0D1ADA2A90AEB100EFDF49 /* ApplicationStateModel.swift */,
				CE0D1AE02A90C18000EFDF49 /* City.swift */,
			);
			path = Model;
			sourceTree = "<group>";
		};
		CE81E3FD2A7292760022FCB0 /* Data */ = {
			isa = PBXGroup;
			children = (
				CE0D1ADE2A90C0D100EFDF49 /* cities.json */,
				CE81E40A2A72DF720022FCB0 /* pharmacy.json */,
			);
			path = Data;
			sourceTree = "<group>";
		};
/* End PBXGroup section */

/* Begin PBXNativeTarget section */
		CE81E3E52A71394A0022FCB0 /* Pharmacies */ = {
			isa = PBXNativeTarget;
			buildConfigurationList = CE81E3F42A71394B0022FCB0 /* Build configuration list for PBXNativeTarget "Pharmacies" */;
			buildPhases = (
				CE81E3E22A71394A0022FCB0 /* Sources */,
				CE81E3E32A71394A0022FCB0 /* Frameworks */,
				CE81E3E42A71394A0022FCB0 /* Resources */,
			);
			buildRules = (
			);
			dependencies = (
			);
			name = Pharmacies;
			productName = Pharmacies;
			productReference = CE81E3E62A71394A0022FCB0 /* Pharmacies.app */;
			productType = "com.apple.product-type.application";
		};
/* End PBXNativeTarget section */

/* Begin PBXProject section */
		CE81E3DE2A71394A0022FCB0 /* Project object */ = {
			isa = PBXProject;
			attributes = {
				BuildIndependentTargetsInParallel = 1;
				LastSwiftUpdateCheck = 1430;
				LastUpgradeCheck = 1430;
				TargetAttributes = {
					CE81E3E52A71394A0022FCB0 = {
						CreatedOnToolsVersion = 14.3.1;
					};
				};
			};
			buildConfigurationList = CE81E3E12A71394A0022FCB0 /* Build configuration list for PBXProject "Pharmacies" */;
			compatibilityVersion = "Xcode 14.0";
			developmentRegion = en;
			hasScannedForEncodings = 0;
			knownRegions = (
				en,
				Base,
			);
			mainGroup = CE81E3DD2A71394A0022FCB0;
			productRefGroup = CE81E3E72A71394A0022FCB0 /* Products */;
			projectDirPath = "";
			projectRoot = "";
			targets = (
				CE81E3E52A71394A0022FCB0 /* Pharmacies */,
			);
		};
/* End PBXProject section */

/* Begin PBXResourcesBuildPhase section */
		CE81E3E42A71394A0022FCB0 /* Resources */ = {
			isa = PBXResourcesBuildPhase;
			buildActionMask = 2147483647;
			files = (
				CE81E3F12A71394B0022FCB0 /* Preview Assets.xcassets in Resources */,
				CE81E40B2A72DF730022FCB0 /* pharmacy.json in Resources */,
				CE0D1ADF2A90C0D100EFDF49 /* cities.json in Resources */,
				CE81E3EE2A71394B0022FCB0 /* Assets.xcassets in Resources */,
			);
			runOnlyForDeploymentPostprocessing = 0;
		};
/* End PBXResourcesBuildPhase section */

/* Begin PBXSourcesBuildPhase section */
		CE81E3E22A71394A0022FCB0 /* Sources */ = {
			isa = PBXSourcesBuildPhase;
			buildActionMask = 2147483647;
			files = (
				CE42AC812A769C20005194EF /* TestView.swift in Sources */,
				CE0D1ADB2A90AEB100EFDF49 /* ApplicationStateModel.swift in Sources */,
				CE81E4112A73AE920022FCB0 /* MapAnnotationView.swift in Sources */,
				CE0D1ADD2A90AF3F00EFDF49 /* SettingView.swift in Sources */,
				CE42AC7D2A757091005194EF /* PharmacyDetailViewModel.swift in Sources */,
				CE81E40D2A72E12B0022FCB0 /* PharmacyListItemView.swift in Sources */,
				CE81E4092A72DF0F0022FCB0 /* MapView.swift in Sources */,
				CE81E3EC2A71394A0022FCB0 /* ContentView.swift in Sources */,
				CE81E40F2A72EE390022FCB0 /* PharmacyDetailView.swift in Sources */,
				CE81E4052A72DE960022FCB0 /* MainView.swift in Sources */,
				CE81E4012A7293290022FCB0 /* ApiResponse.swift in Sources */,
				CE0D1AE12A90C18000EFDF49 /* City.swift in Sources */,
				CE81E3FC2A7292440022FCB0 /* PharmacyModel.swift in Sources */,
				CE81E3EA2A71394A0022FCB0 /* PharmaciesApp.swift in Sources */,
				CE81E4032A7297380022FCB0 /* CodableBundleExtension.swift in Sources */,
			);
			runOnlyForDeploymentPostprocessing = 0;
		};
/* End PBXSourcesBuildPhase section */

/* Begin XCBuildConfiguration section */
		CE81E3F22A71394B0022FCB0 /* Debug */ = {
			isa = XCBuildConfiguration;
			buildSettings = {
				ALWAYS_SEARCH_USER_PATHS = NO;
				CLANG_ANALYZER_NONNULL = YES;
				CLANG_ANALYZER_NUMBER_OBJECT_CONVERSION = YES_AGGRESSIVE;
				CLANG_CXX_LANGUAGE_STANDARD = "gnu++20";
				CLANG_ENABLE_MODULES = YES;
				CLANG_ENABLE_OBJC_ARC = YES;
				CLANG_ENABLE_OBJC_WEAK = YES;
				CLANG_WARN_BLOCK_CAPTURE_AUTORELEASING = YES;
				CLANG_WARN_BOOL_CONVERSION = YES;
				CLANG_WARN_COMMA = YES;
				CLANG_WARN_CONSTANT_CONVERSION = YES;
				CLANG_WARN_DEPRECATED_OBJC_IMPLEMENTATIONS = YES;
				CLANG_WARN_DIRECT_OBJC_ISA_USAGE = YES_ERROR;
				CLANG_WARN_DOCUMENTATION_COMMENTS = YES;
				CLANG_WARN_EMPTY_BODY = YES;
				CLANG_WARN_ENUM_CONVERSION = YES;
				CLANG_WARN_INFINITE_RECURSION = YES;
				CLANG_WARN_INT_CONVERSION = YES;
				CLANG_WARN_NON_LITERAL_NULL_CONVERSION = YES;
				CLANG_WARN_OBJC_IMPLICIT_RETAIN_SELF = YES;
				CLANG_WARN_OBJC_LITERAL_CONVERSION = YES;
				CLANG_WARN_OBJC_ROOT_CLASS = YES_ERROR;
				CLANG_WARN_QUOTED_INCLUDE_IN_FRAMEWORK_HEADER = YES;
				CLANG_WARN_RANGE_LOOP_ANALYSIS = YES;
				CLANG_WARN_STRICT_PROTOTYPES = YES;
				CLANG_WARN_SUSPICIOUS_MOVE = YES;
				CLANG_WARN_UNGUARDED_AVAILABILITY = YES_AGGRESSIVE;
				CLANG_WARN_UNREACHABLE_CODE = YES;
				CLANG_WARN__DUPLICATE_METHOD_MATCH = YES;
				COPY_PHASE_STRIP = NO;
				DEBUG_INFORMATION_FORMAT = dwarf;
				ENABLE_STRICT_OBJC_MSGSEND = YES;
				ENABLE_TESTABILITY = YES;
				GCC_C_LANGUAGE_STANDARD = gnu11;
				GCC_DYNAMIC_NO_PIC = NO;
				GCC_NO_COMMON_BLOCKS = YES;
				GCC_OPTIMIZATION_LEVEL = 0;
				GCC_PREPROCESSOR_DEFINITIONS = (
					"DEBUG=1",
					"$(inherited)",
				);
				GCC_WARN_64_TO_32_BIT_CONVERSION = YES;
				GCC_WARN_ABOUT_RETURN_TYPE = YES_ERROR;
				GCC_WARN_UNDECLARED_SELECTOR = YES;
				GCC_WARN_UNINITIALIZED_AUTOS = YES_AGGRESSIVE;
				GCC_WARN_UNUSED_FUNCTION = YES;
				GCC_WARN_UNUSED_VARIABLE = YES;
				IPHONEOS_DEPLOYMENT_TARGET = 16.4;
				MTL_ENABLE_DEBUG_INFO = INCLUDE_SOURCE;
				MTL_FAST_MATH = YES;
				ONLY_ACTIVE_ARCH = YES;
				SDKROOT = iphoneos;
				SWIFT_ACTIVE_COMPILATION_CONDITIONS = DEBUG;
				SWIFT_OPTIMIZATION_LEVEL = "-Onone";
			};
			name = Debug;
		};
		CE81E3F32A71394B0022FCB0 /* Release */ = {
			isa = XCBuildConfiguration;
			buildSettings = {
				ALWAYS_SEARCH_USER_PATHS = NO;
				CLANG_ANALYZER_NONNULL = YES;
				CLANG_ANALYZER_NUMBER_OBJECT_CONVERSION = YES_AGGRESSIVE;
				CLANG_CXX_LANGUAGE_STANDARD = "gnu++20";
				CLANG_ENABLE_MODULES = YES;
				CLANG_ENABLE_OBJC_ARC = YES;
				CLANG_ENABLE_OBJC_WEAK = YES;
				CLANG_WARN_BLOCK_CAPTURE_AUTORELEASING = YES;
				CLANG_WARN_BOOL_CONVERSION = YES;
				CLANG_WARN_COMMA = YES;
				CLANG_WARN_CONSTANT_CONVERSION = YES;
				CLANG_WARN_DEPRECATED_OBJC_IMPLEMENTATIONS = YES;
				CLANG_WARN_DIRECT_OBJC_ISA_USAGE = YES_ERROR;
				CLANG_WARN_DOCUMENTATION_COMMENTS = YES;
				CLANG_WARN_EMPTY_BODY = YES;
				CLANG_WARN_ENUM_CONVERSION = YES;
				CLANG_WARN_INFINITE_RECURSION = YES;
				CLANG_WARN_INT_CONVERSION = YES;
				CLANG_WARN_NON_LITERAL_NULL_CONVERSION = YES;
				CLANG_WARN_OBJC_IMPLICIT_RETAIN_SELF = YES;
				CLANG_WARN_OBJC_LITERAL_CONVERSION = YES;
				CLANG_WARN_OBJC_ROOT_CLASS = YES_ERROR;
				CLANG_WARN_QUOTED_INCLUDE_IN_FRAMEWORK_HEADER = YES;
				CLANG_WARN_RANGE_LOOP_ANALYSIS = YES;
				CLANG_WARN_STRICT_PROTOTYPES = YES;
				CLANG_WARN_SUSPICIOUS_MOVE = YES;
				CLANG_WARN_UNGUARDED_AVAILABILITY = YES_AGGRESSIVE;
				CLANG_WARN_UNREACHABLE_CODE = YES;
				CLANG_WARN__DUPLICATE_METHOD_MATCH = YES;
				COPY_PHASE_STRIP = NO;
				DEBUG_INFORMATION_FORMAT = "dwarf-with-dsym";
				ENABLE_NS_ASSERTIONS = NO;
				ENABLE_STRICT_OBJC_MSGSEND = YES;
				GCC_C_LANGUAGE_STANDARD = gnu11;
				GCC_NO_COMMON_BLOCKS = YES;
				GCC_WARN_64_TO_32_BIT_CONVERSION = YES;
				GCC_WARN_ABOUT_RETURN_TYPE = YES_ERROR;
				GCC_WARN_UNDECLARED_SELECTOR = YES;
				GCC_WARN_UNINITIALIZED_AUTOS = YES_AGGRESSIVE;
				GCC_WARN_UNUSED_FUNCTION = YES;
				GCC_WARN_UNUSED_VARIABLE = YES;
				IPHONEOS_DEPLOYMENT_TARGET = 16.4;
				MTL_ENABLE_DEBUG_INFO = NO;
				MTL_FAST_MATH = YES;
				SDKROOT = iphoneos;
				SWIFT_COMPILATION_MODE = wholemodule;
				SWIFT_OPTIMIZATION_LEVEL = "-O";
				VALIDATE_PRODUCT = YES;
			};
			name = Release;
		};
		CE81E3F52A71394B0022FCB0 /* Debug */ = {
			isa = XCBuildConfiguration;
			buildSettings = {
				ASSETCATALOG_COMPILER_APPICON_NAME = AppIcon;
				ASSETCATALOG_COMPILER_GLOBAL_ACCENT_COLOR_NAME = AccentColor;
				CODE_SIGN_STYLE = Automatic;
				CURRENT_PROJECT_VERSION = 1;
				DEVELOPMENT_ASSET_PATHS = "\"Pharmacies/Preview Content\"";
				DEVELOPMENT_TEAM = FXL222R66V;
				ENABLE_PREVIEWS = YES;
				GENERATE_INFOPLIST_FILE = YES;
				INFOPLIST_KEY_UIApplicationSceneManifest_Generation = YES;
				INFOPLIST_KEY_UIApplicationSupportsIndirectInputEvents = YES;
				INFOPLIST_KEY_UILaunchScreen_Generation = YES;
				INFOPLIST_KEY_UISupportedInterfaceOrientations_iPad = "UIInterfaceOrientationPortrait UIInterfaceOrientationPortraitUpsideDown UIInterfaceOrientationLandscapeLeft UIInterfaceOrientationLandscapeRight";
				INFOPLIST_KEY_UISupportedInterfaceOrientations_iPhone = "UIInterfaceOrientationPortrait UIInterfaceOrientationLandscapeLeft UIInterfaceOrientationLandscapeRight";
				LD_RUNPATH_SEARCH_PATHS = (
					"$(inherited)",
					"@executable_path/Frameworks",
				);
				MARKETING_VERSION = 1.0;
				PRODUCT_BUNDLE_IDENTIFIER = com.vedatermis.Pharmacies;
				PRODUCT_NAME = "$(TARGET_NAME)";
				SWIFT_EMIT_LOC_STRINGS = YES;
				SWIFT_VERSION = 5.0;
				TARGETED_DEVICE_FAMILY = "1,2";
			};
			name = Debug;
		};
		CE81E3F62A71394B0022FCB0 /* Release */ = {
			isa = XCBuildConfiguration;
			buildSettings = {
				ASSETCATALOG_COMPILER_APPICON_NAME = AppIcon;
				ASSETCATALOG_COMPILER_GLOBAL_ACCENT_COLOR_NAME = AccentColor;
				CODE_SIGN_STYLE = Automatic;
				CURRENT_PROJECT_VERSION = 1;
				DEVELOPMENT_ASSET_PATHS = "\"Pharmacies/Preview Content\"";
				DEVELOPMENT_TEAM = FXL222R66V;
				ENABLE_PREVIEWS = YES;
				GENERATE_INFOPLIST_FILE = YES;
				INFOPLIST_KEY_UIApplicationSceneManifest_Generation = YES;
				INFOPLIST_KEY_UIApplicationSupportsIndirectInputEvents = YES;
				INFOPLIST_KEY_UILaunchScreen_Generation = YES;
				INFOPLIST_KEY_UISupportedInterfaceOrientations_iPad = "UIInterfaceOrientationPortrait UIInterfaceOrientationPortraitUpsideDown UIInterfaceOrientationLandscapeLeft UIInterfaceOrientationLandscapeRight";
				INFOPLIST_KEY_UISupportedInterfaceOrientations_iPhone = "UIInterfaceOrientationPortrait UIInterfaceOrientationLandscapeLeft UIInterfaceOrientationLandscapeRight";
				LD_RUNPATH_SEARCH_PATHS = (
					"$(inherited)",
					"@executable_path/Frameworks",
				);
				MARKETING_VERSION = 1.0;
				PRODUCT_BUNDLE_IDENTIFIER = com.vedatermis.Pharmacies;
				PRODUCT_NAME = "$(TARGET_NAME)";
				SWIFT_EMIT_LOC_STRINGS = YES;
				SWIFT_VERSION = 5.0;
				TARGETED_DEVICE_FAMILY = "1,2";
			};
			name = Release;
		};
/* End XCBuildConfiguration section */

/* Begin XCConfigurationList section */
		CE81E3E12A71394A0022FCB0 /* Build configuration list for PBXProject "Pharmacies" */ = {
			isa = XCConfigurationList;
			buildConfigurations = (
				CE81E3F22A71394B0022FCB0 /* Debug */,
				CE81E3F32A71394B0022FCB0 /* Release */,
			);
			defaultConfigurationIsVisible = 0;
			defaultConfigurationName = Release;
		};
		CE81E3F42A71394B0022FCB0 /* Build configuration list for PBXNativeTarget "Pharmacies" */ = {
			isa = XCConfigurationList;
			buildConfigurations = (
				CE81E3F52A71394B0022FCB0 /* Debug */,
				CE81E3F62A71394B0022FCB0 /* Release */,
			);
			defaultConfigurationIsVisible = 0;
			defaultConfigurationName = Release;
		};
/* End XCConfigurationList section */
	};
	rootObject = CE81E3DE2A71394A0022FCB0 /* Project object */;
}
